// !$*UTF8*$!
{
	archiveVersion = 1;
	classes = {
	};
	objectVersion = 50;
	objects = {

/* Begin PBXBuildFile section */
		3B98774B233B21A400FB508B /* AppDelegate.m in Sources */ = {isa = PBXBuildFile; fileRef = 3B98774A233B21A400FB508B /* AppDelegate.m */; };
		3B98774E233B21A400FB508B /* SceneDelegate.m in Sources */ = {isa = PBXBuildFile; fileRef = 3B98774D233B21A400FB508B /* SceneDelegate.m */; };
		3B987751233B21A400FB508B /* ViewController.m in Sources */ = {isa = PBXBuildFile; fileRef = 3B987750233B21A400FB508B /* ViewController.m */; };
		3B987754233B21A400FB508B /* Main.storyboard in Resources */ = {isa = PBXBuildFile; fileRef = 3B987752233B21A400FB508B /* Main.storyboard */; };
		3B987756233B21A500FB508B /* Assets.xcassets in Resources */ = {isa = PBXBuildFile; fileRef = 3B987755233B21A500FB508B /* Assets.xcassets */; };
		3B987759233B21A500FB508B /* LaunchScreen.storyboard in Resources */ = {isa = PBXBuildFile; fileRef = 3B987757233B21A500FB508B /* LaunchScreen.storyboard */; };
		3B98775C233B21A500FB508B /* main.m in Sources */ = {isa = PBXBuildFile; fileRef = 3B98775B233B21A500FB508B /* main.m */; };
/* End PBXBuildFile section */

/* Begin PBXFileReference section */
		3B987746233B21A400FB508B /* BasicSyntaxTesting.app */ = {isa = PBXFileReference; explicitFileType = wrapper.application; includeInIndex = 0; path = BasicSyntaxTesting.app; sourceTree = BUILT_PRODUCTS_DIR; };
		3B987749233B21A400FB508B /* AppDelegate.h */ = {isa = PBXFileReference; lastKnownFileType = sourcecode.c.h; path = AppDelegate.h; sourceTree = "<group>"; };
		3B98774A233B21A400FB508B /* AppDelegate.m */ = {isa = PBXFileReference; lastKnownFileType = sourcecode.c.objc; path = AppDelegate.m; sourceTree = "<group>"; };
		3B98774C233B21A400FB508B /* SceneDelegate.h */ = {isa = PBXFileReference; lastKnownFileType = sourcecode.c.h; path = SceneDelegate.h; sourceTree = "<group>"; };
		3B98774D233B21A400FB508B /* SceneDelegate.m */ = {isa = PBXFileReference; lastKnownFileType = sourcecode.c.objc; path = SceneDelegate.m; sourceTree = "<group>"; };
		3B98774F233B21A400FB508B /* ViewController.h */ = {isa = PBXFileReference; lastKnownFileType = sourcecode.c.h; path = ViewController.h; sourceTree = "<group>"; };
		3B987750233B21A400FB508B /* ViewController.m */ = {isa = PBXFileReference; lastKnownFileType = sourcecode.c.objc; path = ViewController.m; sourceTree = "<group>"; };
		3B987753233B21A400FB508B /* Base */ = {isa = PBXFileReference; lastKnownFileType = file.storyboard; name = Base; path = Base.lproj/Main.storyboard; sourceTree = "<group>"; };
		3B987755233B21A500FB508B /* Assets.xcassets */ = {isa = PBXFileReference; lastKnownFileType = folder.assetcatalog; path = Assets.xcassets; sourceTree = "<group>"; };
		3B987758233B21A500FB508B /* Base */ = {isa = PBXFileReference; lastKnownFileType = file.storyboard; name = Base; path = Base.lproj/LaunchScreen.storyboard; sourceTree = "<group>"; };
		3B98775A233B21A500FB508B /* Info.plist */ = {isa = PBXFileReference; lastKnownFileType = text.plist.xml; path = Info.plist; sourceTree = "<group>"; };
		3B98775B233B21A500FB508B /* main.m */ = {isa = PBXFileReference; lastKnownFileType = sourcecode.c.objc; path = main.m; sourceTree = "<group>"; };
/* End PBXFileReference section */

/* Begin PBXFrameworksBuildPhase section */
		3B987743233B21A400FB508B /* Frameworks */ = {
			isa = PBXFrameworksBuildPhase;
			buildActionMask = 2147483647;
			files = (
			);
			runOnlyForDeploymentPostprocessing = 0;
		};
/* End PBXFrameworksBuildPhase section */

/* Begin PBXGroup section */
		3B98773D233B21A400FB508B = {
			isa = PBXGroup;
			children = (
				3B987748233B21A400FB508B /* BasicSyntaxTesting */,
				3B987747233B21A400FB508B /* Products */,
			);
			sourceTree = "<group>";
		};
		3B987747233B21A400FB508B /* Products */ = {
			isa = PBXGroup;
			children = (
				3B987746233B21A400FB508B /* BasicSyntaxTesting.app */,
			);
			name = Products;
			sourceTree = "<group>";
		};
		3B987748233B21A400FB508B /* BasicSyntaxTesting */ = {
			isa = PBXGroup;
			children = (
				3B987749233B21A400FB508B /* AppDelegate.h */,
				3B98774A233B21A400FB508B /* AppDelegate.m */,
				3B98774C233B21A400FB508B /* SceneDelegate.h */,
				3B98774D233B21A400FB508B /* SceneDelegate.m */,
				3B98774F233B21A400FB508B /* ViewController.h */,
				3B987750233B21A400FB508B /* ViewController.m */,
				3B987752233B21A400FB508B /* Main.storyboard */,
				3B987755233B21A500FB508B /* Assets.xcassets */,
				3B987757233B21A500FB508B /* LaunchScreen.storyboard */,
				3B98775A233B21A500FB508B /* Info.plist */,
				3B98775B233B21A500FB508B /* main.m */,
			);
			path = BasicSyntaxTesting;
			sourceTree = "<group>";
		};
/* End PBXGroup section */

/* Begin PBXNativeTarget section */
		3B987745233B21A400FB508B /* BasicSyntaxTesting */ = {
			isa = PBXNativeTarget;
			buildConfigurationList = 3B98775F233B21A500FB508B /* Build configuration list for PBXNativeTarget "BasicSyntaxTesting" */;
			buildPhases = (
				3B987742233B21A400FB508B /* Sources */,
				3B987743233B21A400FB508B /* Frameworks */,
				3B987744233B21A400FB508B /* Resources */,
			);
			buildRules = (
			);
			dependencies = (
			);
			name = BasicSyntaxTesting;
			productName = BasicSyntaxTesting;
			productReference = 3B987746233B21A400FB508B /* BasicSyntaxTesting.app */;
			productType = "com.apple.product-type.application";
		};
/* End PBXNativeTarget section */

/* Begin PBXProject section */
		3B98773E233B21A400FB508B /* Project object */ = {
			isa = PBXProject;
			attributes = {
				LastUpgradeCheck = 1100;
				ORGANIZATIONNAME = "Ning Lin";
				TargetAttributes = {
					3B987745233B21A400FB508B = {
						CreatedOnToolsVersion = 11.0;
					};
				};
			};
			buildConfigurationList = 3B987741233B21A400FB508B /* Build configuration list for PBXProject "BasicSyntaxTesting" */;
			compatibilityVersion = "Xcode 9.3";
			developmentRegion = en;
			hasScannedForEncodings = 0;
			knownRegions = (
				en,
				Base,
			);
			mainGroup = 3B98773D233B21A400FB508B;
			productRefGroup = 3B987747233B21A400FB508B /* Products */;
			projectDirPath = "";
			projectRoot = "";
			targets = (
				3B987745233B21A400FB508B /* BasicSyntaxTesting */,
			);
		};
/* End PBXProject section */

/* Begin PBXResourcesBuildPhase section */
		3B987744233B21A400FB508B /* Resources */ = {
			isa = PBXResourcesBuildPhase;
			buildActionMask = 2147483647;
			files = (
				3B987759233B21A500FB508B /* LaunchScreen.storyboard in Resources */,
				3B987756233B21A500FB508B /* Assets.xcassets in Resources */,
				3B987754233B21A400FB508B /* Main.storyboard in Resources */,
			);
			runOnlyForDeploymentPostprocessing = 0;
		};
/* End PBXResourcesBuildPhase section */

/* Begin PBXSourcesBuildPhase section */
		3B987742233B21A400FB508B /* Sources */ = {
			isa = PBXSourcesBuildPhase;
			buildActionMask = 2147483647;
			files = (
				3B987751233B21A400FB508B /* ViewController.m in Sources */,
				3B98774B233B21A400FB508B /* AppDelegate.m in Sources */,
				3B98775C233B21A500FB508B /* main.m in Sources */,
				3B98774E233B21A400FB508B /* SceneDelegate.m in Sources */,
			);
			runOnlyForDeploymentPostprocessing = 0;
		};
/* End PBXSourcesBuildPhase section */

/* Begin PBXVariantGroup section */
		3B987752233B21A400FB508B /* Main.storyboard */ = {
			isa = PBXVariantGroup;
			children = (
				3B987753233B21A400FB508B /* Base */,
			);
			name = Main.storyboard;
			sourceTree = "<group>";
		};
		3B987757233B21A500FB508B /* LaunchScreen.storyboard */ = {
			isa = PBXVariantGroup;
			children = (
				3B987758233B21A500FB508B /* Base */,
			);
			name = LaunchScreen.storyboard;
			sourceTree = "<group>";
		};
/* End PBXVariantGroup section */

/* Begin XCBuildConfiguration section */
		3B98775D233B21A500FB508B /* Debug */ = {
			isa = XCBuildConfiguration;
			buildSettings = {
				ALWAYS_SEARCH_USER_PATHS = NO;
				CLANG_ANALYZER_NONNULL = YES;
				CLANG_ANALYZER_NUMBER_OBJECT_CONVERSION = YES_AGGRESSIVE;
				CLANG_CXX_LANGUAGE_STANDARD = "gnu++14";
				CLANG_CXX_LIBRARY = "libc++";
				CLANG_ENABLE_MODULES = YES;
				CLANG_ENABLE_OBJC_ARC = YES;
				CLANG_ENABLE_OBJC_WEAK = YES;
				CLANG_WARN_BLOCK_CAPTURE_AUTORELEASING = YES;
				CLANG_WARN_BOOL_CONVERSION = YES;
				CLANG_WARN_COMMA = YES;
				CLANG_WARN_CONSTANT_CONVERSION = YES;
				CLANG_WARN_DEPRECATED_OBJC_IMPLEMENTATIONS = YES;
				CLANG_WARN_DIRECT_OBJC_ISA_USAGE = YES_ERROR;
				CLANG_WARN_DOCUMENTATION_COMMENTS = YES;
				CLANG_WARN_EMPTY_BODY = YES;
				CLANG_WARN_ENUM_CONVERSION = YES;
				CLANG_WARN_INFINITE_RECURSION = YES;
				CLANG_WARN_INT_CONVERSION = YES;
				CLANG_WARN_NON_LITERAL_NULL_CONVERSION = YES;
				CLANG_WARN_OBJC_IMPLICIT_RETAIN_SELF = YES;
				CLANG_WARN_OBJC_LITERAL_CONVERSION = YES;
				CLANG_WARN_OBJC_ROOT_CLASS = YES_ERROR;
				CLANG_WARN_RANGE_LOOP_ANALYSIS = YES;
				CLANG_WARN_STRICT_PROTOTYPES = YES;
				CLANG_WARN_SUSPICIOUS_MOVE = YES;
				CLANG_WARN_UNGUARDED_AVAILABILITY = YES_AGGRESSIVE;
				CLANG_WARN_UNREACHABLE_CODE = YES;
				CLANG_WARN__DUPLICATE_METHOD_MATCH = YES;
				COPY_PHASE_STRIP = NO;
				DEBUG_INFORMATION_FORMAT = dwarf;
				ENABLE_STRICT_OBJC_MSGSEND = YES;
				ENABLE_TESTABILITY = YES;
				GCC_C_LANGUAGE_STANDARD = gnu11;
				GCC_DYNAMIC_NO_PIC = NO;
				GCC_NO_COMMON_BLOCKS = YES;
				GCC_OPTIMIZATION_LEVEL = 0;
				GCC_PREPROCESSOR_DEFINITIONS = (
					"DEBUG=1",
					"$(inherited)",
				);
				GCC_WARN_64_TO_32_BIT_CONVERSION = YES;
				GCC_WARN_ABOUT_RETURN_TYPE = YES_ERROR;
				GCC_WARN_UNDECLARED_SELECTOR = YES;
				GCC_WARN_UNINITIALIZED_AUTOS = YES_AGGRESSIVE;
				GCC_WARN_UNUSED_FUNCTION = YES;
				GCC_WARN_UNUSED_VARIABLE = YES;
				IPHONEOS_DEPLOYMENT_TARGET = 13.0;
				MTL_ENABLE_DEBUG_INFO = INCLUDE_SOURCE;
				MTL_FAST_MATH = YES;
				ONLY_ACTIVE_ARCH = YES;
				SDKROOT = iphoneos;
			};
			name = Debug;
		};
		3B98775E233B21A500FB508B /* Release */ = {
			isa = XCBuildConfiguration;
			buildSettings = {
				ALWAYS_SEARCH_USER_PATHS = NO;
				CLANG_ANALYZER_NONNULL = YES;
				CLANG_ANALYZER_NUMBER_OBJECT_CONVERSION = YES_AGGRESSIVE;
				CLANG_CXX_LANGUAGE_STANDARD = "gnu++14";
				CLANG_CXX_LIBRARY = "libc++";
				CLANG_ENABLE_MODULES = YES;
				CLANG_ENABLE_OBJC_ARC = YES;
				CLANG_ENABLE_OBJC_WEAK = YES;
				CLANG_WARN_BLOCK_CAPTURE_AUTORELEASING = YES;
				CLANG_WARN_BOOL_CONVERSION = YES;
				CLANG_WARN_COMMA = YES;
				CLANG_WARN_CONSTANT_CONVERSION = YES;
				CLANG_WARN_DEPRECATED_OBJC_IMPLEMENTATIONS = YES;
				CLANG_WARN_DIRECT_OBJC_ISA_USAGE = YES_ERROR;
				CLANG_WARN_DOCUMENTATION_COMMENTS = YES;
				CLANG_WARN_EMPTY_BODY = YES;
				CLANG_WARN_ENUM_CONVERSION = YES;
				CLANG_WARN_INFINITE_RECURSION = YES;
				CLANG_WARN_INT_CONVERSION = YES;
				CLANG_WARN_NON_LITERAL_NULL_CONVERSION = YES;
				CLANG_WARN_OBJC_IMPLICIT_RETAIN_SELF = YES;
				CLANG_WARN_OBJC_LITERAL_CONVERSION = YES;
				CLANG_WARN_OBJC_ROOT_CLASS = YES_ERROR;
				CLANG_WARN_RANGE_LOOP_ANALYSIS = YES;
				CLANG_WARN_STRICT_PROTOTYPES = YES;
				CLANG_WARN_SUSPICIOUS_MOVE = YES;
				CLANG_WARN_UNGUARDED_AVAILABILITY = YES_AGGRESSIVE;
				CLANG_WARN_UNREACHABLE_CODE = YES;
				CLANG_WARN__DUPLICATE_METHOD_MATCH = YES;
				COPY_PHASE_STRIP = NO;
				DEBUG_INFORMATION_FORMAT = "dwarf-with-dsym";
				ENABLE_NS_ASSERTIONS = NO;
				ENABLE_STRICT_OBJC_MSGSEND = YES;
				GCC_C_LANGUAGE_STANDARD = gnu11;
				GCC_NO_COMMON_BLOCKS = YES;
				GCC_WARN_64_TO_32_BIT_CONVERSION = YES;
				GCC_WARN_ABOUT_RETURN_TYPE = YES_ERROR;
				GCC_WARN_UNDECLARED_SELECTOR = YES;
				GCC_WARN_UNINITIALIZED_AUTOS = YES_AGGRESSIVE;
				GCC_WARN_UNUSED_FUNCTION = YES;
				GCC_WARN_UNUSED_VARIABLE = YES;
				IPHONEOS_DEPLOYMENT_TARGET = 13.0;
				MTL_ENABLE_DEBUG_INFO = NO;
				MTL_FAST_MATH = YES;
				SDKROOT = iphoneos;
				VALIDATE_PRODUCT = YES;
			};
			name = Release;
		};
		3B987760233B21A500FB508B /* Debug */ = {
			isa = XCBuildConfiguration;
			buildSettings = {
				ASSETCATALOG_COMPILER_APPICON_NAME = AppIcon;
				CODE_SIGN_STYLE = Automatic;
				INFOPLIST_FILE = BasicSyntaxTesting/Info.plist;
				LD_RUNPATH_SEARCH_PATHS = (
					"$(inherited)",
					"@executable_path/Frameworks",
				);
				PRODUCT_BUNDLE_IDENTIFIER = temp.BasicSyntaxTesting;
				PRODUCT_NAME = "$(TARGET_NAME)";
				TARGETED_DEVICE_FAMILY = "1,2";
			};
			name = Debug;
		};
		3B987761233B21A500FB508B /* Release */ = {
			isa = XCBuildConfiguration;
			buildSettings = {
				ASSETCATALOG_COMPILER_APPICON_NAME = AppIcon;
				CODE_SIGN_STYLE = Automatic;
				INFOPLIST_FILE = BasicSyntaxTesting/Info.plist;
				LD_RUNPATH_SEARCH_PATHS = (
					"$(inherited)",
					"@executable_path/Frameworks",
				);
				PRODUCT_BUNDLE_IDENTIFIER = temp.BasicSyntaxTesting;
				PRODUCT_NAME = "$(TARGET_NAME)";
				TARGETED_DEVICE_FAMILY = "1,2";
			};
			name = Release;
		};
/* End XCBuildConfiguration section */

/* Begin XCConfigurationList section */
		3B987741233B21A400FB508B /* Build configuration list for PBXProject "BasicSyntaxTesting" */ = {
			isa = XCConfigurationList;
			buildConfigurations = (
				3B98775D233B21A500FB508B /* Debug */,
				3B98775E233B21A500FB508B /* Release */,
			);
			defaultConfigurationIsVisible = 0;
			defaultConfigurationName = Release;
		};
		3B98775F233B21A500FB508B /* Build configuration list for PBXNativeTarget "BasicSyntaxTesting" */ = {
			isa = XCConfigurationList;
			buildConfigurations = (
				3B987760233B21A500FB508B /* Debug */,
				3B987761233B21A500FB508B /* Release */,
			);
			defaultConfigurationIsVisible = 0;
			defaultConfigurationName = Release;
		};
/* End XCConfigurationList section */
	};
	rootObject = 3B98773E233B21A400FB508B /* Project object */;
}
